
Microsoft Visual Studio Solution File, Format Version 12.00
# Visual Studio Version 17
VisualStudioVersion = 17.8.34330.188
MinimumVisualStudioVersion = 10.0.40219.1
Project("{9A19103F-16F7-4668-BE54-9A1E7A4F7556}") = "Stage0", "Stage0\Stage0.csproj", "{4840673E-84EA-4BA6-AED0-29276F320CD2}"
EndProject
Project("{2150E333-8FDC-42A3-9474-1A3956D46DE8}") = "Solution Items", "Solution Items", "{3BD9167D-B537-492B-AB17-1958C6719CDB}"
	ProjectSection(SolutionItems) = preProject
		README.md = README.md
	EndProjectSection
EndProject
Project("{9A19103F-16F7-4668-BE54-9A1E7A4F7556}") = "DalFacade", "DalFacade\DalFacade.csproj", "{7D05EB6A-4847-4936-8603-0330E5A1351C}"
EndProject
Project("{9A19103F-16F7-4668-BE54-9A1E7A4F7556}") = "DalList", "DalList\DalList.csproj", "{85BA052F-DA51-451A-9E4F-6DADB789903B}"
EndProject
Project("{9A19103F-16F7-4668-BE54-9A1E7A4F7556}") = "DalTest", "DalTest\DalTest.csproj", "{EE7AF56A-09F3-4B21-AC9C-5A8B3897C606}"
EndProject
Project("{9A19103F-16F7-4668-BE54-9A1E7A4F7556}") = "DalXml", "DalXml\DalXml.csproj", "{968E0D18-BBF5-49A6-85C3-CB600B99A2F5}"
EndProject
Project("{2150E333-8FDC-42A3-9474-1A3956D46DE8}") = "xml", "xml", "{813DFA8B-4E49-4B4D-9DAF-B1A2493A97B6}"
	ProjectSection(SolutionItems) = preProject
		xml\dal-config.xml = xml\dal-config.xml
		xml\data-config.xml = xml\data-config.xml
		xml\dependencies.xml = xml\dependencies.xml
		xml\tasks.xml = xml\tasks.xml
		xml\workers.xml = xml\workers.xml
	EndProjectSection
EndProject
Project("{9A19103F-16F7-4668-BE54-9A1E7A4F7556}") = "BL", "BL\BL.csproj", "{87C26E0F-DC64-4268-BD6F-D63E167F5A7A}"
EndProject
Project("{9A19103F-16F7-4668-BE54-9A1E7A4F7556}") = "BlTest", "BlTest\BlTest.csproj", "{D0FB43A7-BEBC-40B7-B41F-22FEF3F57A39}"
EndProject
Project("{9A19103F-16F7-4668-BE54-9A1E7A4F7556}") = "PL", "PL\PL.csproj", "{0113A8C9-6FED-402F-8B2B-FDDEEE12E434}"
EndProject
Global
	GlobalSection(SolutionConfigurationPlatforms) = preSolution
		Debug|Any CPU = Debug|Any CPU
		Release|Any CPU = Release|Any CPU
	EndGlobalSection
	GlobalSection(ProjectConfigurationPlatforms) = postSolution
		{4840673E-84EA-4BA6-AED0-29276F320CD2}.Debug|Any CPU.ActiveCfg = Debug|Any CPU
		{4840673E-84EA-4BA6-AED0-29276F320CD2}.Debug|Any CPU.Build.0 = Debug|Any CPU
		{4840673E-84EA-4BA6-AED0-29276F320CD2}.Release|Any CPU.ActiveCfg = Release|Any CPU
		{4840673E-84EA-4BA6-AED0-29276F320CD2}.Release|Any CPU.Build.0 = Release|Any CPU
		{7D05EB6A-4847-4936-8603-0330E5A1351C}.Debug|Any CPU.ActiveCfg = Debug|Any CPU
		{7D05EB6A-4847-4936-8603-0330E5A1351C}.Debug|Any CPU.Build.0 = Debug|Any CPU
		{7D05EB6A-4847-4936-8603-0330E5A1351C}.Release|Any CPU.ActiveCfg = Release|Any CPU
		{7D05EB6A-4847-4936-8603-0330E5A1351C}.Release|Any CPU.Build.0 = Release|Any CPU
		{85BA052F-DA51-451A-9E4F-6DADB789903B}.Debug|Any CPU.ActiveCfg = Debug|Any CPU
		{85BA052F-DA51-451A-9E4F-6DADB789903B}.Debug|Any CPU.Build.0 = Debug|Any CPU
		{85BA052F-DA51-451A-9E4F-6DADB789903B}.Release|Any CPU.ActiveCfg = Release|Any CPU
		{85BA052F-DA51-451A-9E4F-6DADB789903B}.Release|Any CPU.Build.0 = Release|Any CPU
		{EE7AF56A-09F3-4B21-AC9C-5A8B3897C606}.Debug|Any CPU.ActiveCfg = Debug|Any CPU
		{EE7AF56A-09F3-4B21-AC9C-5A8B3897C606}.Debug|Any CPU.Build.0 = Debug|Any CPU
		{EE7AF56A-09F3-4B21-AC9C-5A8B3897C606}.Release|Any CPU.ActiveCfg = Release|Any CPU
		{EE7AF56A-09F3-4B21-AC9C-5A8B3897C606}.Release|Any CPU.Build.0 = Release|Any CPU
		{968E0D18-BBF5-49A6-85C3-CB600B99A2F5}.Debug|Any CPU.ActiveCfg = Debug|Any CPU
		{968E0D18-BBF5-49A6-85C3-CB600B99A2F5}.Debug|Any CPU.Build.0 = Debug|Any CPU
		{968E0D18-BBF5-49A6-85C3-CB600B99A2F5}.Release|Any CPU.ActiveCfg = Release|Any CPU
		{968E0D18-BBF5-49A6-85C3-CB600B99A2F5}.Release|Any CPU.Build.0 = Release|Any CPU
		{87C26E0F-DC64-4268-BD6F-D63E167F5A7A}.Debug|Any CPU.ActiveCfg = Debug|Any CPU
		{87C26E0F-DC64-4268-BD6F-D63E167F5A7A}.Debug|Any CPU.Build.0 = Debug|Any CPU
		{87C26E0F-DC64-4268-BD6F-D63E167F5A7A}.Release|Any CPU.ActiveCfg = Release|Any CPU
		{87C26E0F-DC64-4268-BD6F-D63E167F5A7A}.Release|Any CPU.Build.0 = Release|Any CPU
		{D0FB43A7-BEBC-40B7-B41F-22FEF3F57A39}.Debug|Any CPU.ActiveCfg = Debug|Any CPU
		{D0FB43A7-BEBC-40B7-B41F-22FEF3F57A39}.Debug|Any CPU.Build.0 = Debug|Any CPU
		{D0FB43A7-BEBC-40B7-B41F-22FEF3F57A39}.Release|Any CPU.ActiveCfg = Release|Any CPU
		{D0FB43A7-BEBC-40B7-B41F-22FEF3F57A39}.Release|Any CPU.Build.0 = Release|Any CPU
		{0113A8C9-6FED-402F-8B2B-FDDEEE12E434}.Debug|Any CPU.ActiveCfg = Debug|Any CPU
		{0113A8C9-6FED-402F-8B2B-FDDEEE12E434}.Debug|Any CPU.Build.0 = Debug|Any CPU
		{0113A8C9-6FED-402F-8B2B-FDDEEE12E434}.Release|Any CPU.ActiveCfg = Release|Any CPU
		{0113A8C9-6FED-402F-8B2B-FDDEEE12E434}.Release|Any CPU.Build.0 = Release|Any CPU
	EndGlobalSection
	GlobalSection(SolutionProperties) = preSolution
		HideSolutionNode = FALSE
	EndGlobalSection
	GlobalSection(ExtensibilityGlobals) = postSolution
		SolutionGuid = {E90A090A-C5AA-499E-9FB6-38C757D5B9A4}
	EndGlobalSection
EndGlobal
